github.com/go-gl/gl v0.0.0-20180407155706-68e253793080/go.mod h1:482civXOzJJCPzJ4ZOX/pwvXBWSnzD4OKMdH4ClKGbk=
github.com/go-gl/glfw v0.0.0-20180426074136-46a8d530c326/go.mod h1:vR7hzQXu2zJy9AVAgeJqvqgH9Q5CA+iKCZ2gyEVpxRU=
github.com/gopherjs/gopherjs v0.0.0-20180628210949-0892b62f0d9f h1:FDM3EtwZLyhW48YRiyqjivNlNZjAObv4xt4NnJaU+NQ=
github.com/gopherjs/gopherjs v0.0.0-20180628210949-0892b62f0d9f/go.mod h1:wJfORRmW1u3UXTncJ5qlYoELFm8eSnnEO6hX4iZ3EWY=
github.com/gopherjs/gopherjs/js v0.0.0-20180628210949-0892b62f0d9f/go.mod h1:G7mAYYxgmS0lVkHyy2hEOLQCFB0DlQFTMLWggykrydY=
github.com/gopherjs/webgl v0.0.0-20180508003723-39bd6d41eeb5 h1:vrKguNTgy5fq7lTzG9YNM9u8QOsNbEN2ejPt1k6gR/4=
github.com/gopherjs/webgl v0.0.0-20180508003723-39bd6d41eeb5/go.mod h1:obh2agNa9TmQ5C1MrSr2jgLIqV0b4Cl96m/ig2VAXwM=
github.com/hajimehoshi/ebiten v1.7.0/go.mod h1:gK6oXr/7HwFjJZfV7RssGfm18GGNIJmpBsAd1saFLFU=
github.com/kr/pretty v0.1.0 h1:L/CwN0zerZDmRFUapSPitk6f+Q3+0za1rQkzVuMiMFI=
github.com/kr/pretty v0.1.0/go.mod h1:dAy3ld7l9f0ibDNOQOHHMYYIIbhfbHSm3C4ZsoJORNo=
github.com/kr/pty v1.1.1/go.mod h1:pFQYn66WHrOpPYNljwOMqo10TkYh1fy3cYio2l3bCsQ=
github.com/kr/text v0.1.0 h1:45sCR5RtlFHMR4UwH9sdQ5TC8v0qDQCHnXt+kaKSTVE=
github.com/kr/text v0.1.0/go.mod h1:4Jbv+DJW3UT/LiOwJeYQe1efqtUx/iVham/4vfdArNI=
github.com/theckman/go-flock v0.4.0 h1:bcqNkS4RTQBGWybG7IBimUMxnLz53Qes1+D4QaOhzJc=
github.com/theckman/go-flock v0.4.0/go.mod h1:kjuth3y9VJ2aNlkNEO99G/8lp9fMIKaGyBmh84IBheM=
golang.org/x/exp v0.0.0-20180625033341-f9fa0fefb1e1 h1:J/7DjYGFflVIjSdlaBdFuaorAmg1BZFl82z3ChWr04M=
golang.org/x/exp v0.0.0-20180625033341-f9fa0fefb1e1/go.mod h1:CJ0aWSM057203Lf6IL+f9T1iT9GByDxfZKAQTCR3kQA=
golang.org/x/exp/shiny v0.0.0-20180625033341-f9fa0fefb1e1/go.mod h1:G7mAYYxgmS0lVkHyy2hEOLQCFB0DlQFTMLWggykrydY=
golang.org/x/exp/shiny/driver v0.0.0-20180625033341-f9fa0fefb1e1/go.mod h1:G7mAYYxgmS0lVkHyy2hEOLQCFB0DlQFTMLWggykrydY=
golang.org/x/exp/shiny/driver/gldriver v0.0.0-20180625033341-f9fa0fefb1e1/go.mod h1:G7mAYYxgmS0lVkHyy2hEOLQCFB0DlQFTMLWggykrydY=
golang.org/x/image v0.0.0-20180628062038-cc896f830ced h1:2QsAEqOy4Mp+V4HL2Wr1iBNpZWaL72EvTO4oj5bmr5w=
golang.org/x/image v0.0.0-20180628062038-cc896f830ced/go.mod h1:ux5Hcp/YLpHSI86hEcLt0YII63i6oz57MZXIpbrjZUs=
golang.org/x/image/math v0.0.0-20180628062038-cc896f830ced/go.mod h1:G7mAYYxgmS0lVkHyy2hEOLQCFB0DlQFTMLWggykrydY=
golang.org/x/image/math/f64 v0.0.0-20180628062038-cc896f830ced/go.mod h1:G7mAYYxgmS0lVkHyy2hEOLQCFB0DlQFTMLWggykrydY=
golang.org/x/mobile v0.0.0-20180618222554-6621de06e1e9 h1:bUF6cVglKSOJhdMhq4QwlWraGO2BHzA0tX5EYnBybJQ=
golang.org/x/mobile v0.0.0-20180618222554-6621de06e1e9/go.mod h1:z+o9i4GpDbdi3rU15maQ/Ox0txvL9dWGYEHz965HBQE=
golang.org/x/mobile/gl v0.0.0-20180618222554-6621de06e1e9/go.mod h1:G7mAYYxgmS0lVkHyy2hEOLQCFB0DlQFTMLWggykrydY=
golang.org/x/sys v0.0.0-20180627142611-7138fd3d9dc8 h1:RI4LLZfYDSosZMJ7FzhhEQbwo7tA8Bp9Vhml1PukQsg=
golang.org/x/sys v0.0.0-20180627142611-7138fd3d9dc8/go.mod h1:STP8DvDyc/dI5b8T5hshtkjS+E42TnysNCUPdjciGhY=
golang.org/x/sys/windows v0.0.0-20180627142611-7138fd3d9dc8/go.mod h1:G7mAYYxgmS0lVkHyy2hEOLQCFB0DlQFTMLWggykrydY=
gopkg.in/check.v1 v1.0.0-20180628173108-788fd7840127 h1:qIbj1fsPNlZgppZ+VLlY7N33q108Sa+fhmuc+sWQYwY=
gopkg.in/check.v1 v1.0.0-20180628173108-788fd7840127/go.mod h1:Co6ibVJAznAaIkqp8huTwlJQCZ016jof/cbN4VW5Yz0=
