# This file is autogenerated, do not edit; changes may be undone by the next 'dep ensure'.


[[projects]]
  branch = "master"
  name = "github.com/go-gl/gl"
  packages = ["v2.1/gl"]
  revision = "68e2537930806bfcee1b92a0e14b4e9b8bb3a3e3"

[[projects]]
  branch = "master"
  name = "github.com/go-gl/glfw"
  packages = ["v3.2/glfw"]
  revision = "46a8d530c3268b31eeb1310f30fe42be1cae98f2"

[[projects]]
  branch = "master"
  name = "github.com/gopherjs/gopherjs"
  packages = ["js"]
  revision = "0892b62f0d9fb5857760c3cfca837207185117ee"

[[projects]]
  branch = "master"
  name = "github.com/gopherjs/webgl"
  packages = ["."]
  revision = "39bd6d41eeb587730fcaa65adf71978fb10675bc"

[[projects]]
  name = "github.com/hajimehoshi/ebiten"
  packages = [
    ".",
    "internal",
    "internal/affine",
    "internal/clock",
    "internal/devicescale",
    "internal/graphics",
    "internal/graphicsutil",
    "internal/hooks",
    "internal/input",
    "internal/jni",
    "internal/math",
    "internal/opengl",
    "internal/packing",
    "internal/png",
    "internal/restorable",
    "internal/shareable",
    "internal/ui",
    "internal/web"
  ]
  revision = "802f62c410c0fa2e93bcf33a98e2bc855af5c506"
  version = "v1.7.0"

[[projects]]
  branch = "master"
  name = "golang.org/x/exp"
  packages = [
    "shiny/driver/gldriver",
    "shiny/driver/internal/drawer",
    "shiny/driver/internal/errscreen",
    "shiny/driver/internal/event",
    "shiny/driver/internal/lifecycler",
    "shiny/driver/internal/win32",
    "shiny/driver/internal/x11key",
    "shiny/screen"
  ]
  revision = "f9fa0fefb1e1a5b6b06f9af99b9555e6263edcf9"

[[projects]]
  branch = "master"
  name = "golang.org/x/image"
  packages = ["math/f64"]
  revision = "cc896f830cedae125428bc9fe1b0362aa91b3fb1"

[[projects]]
  branch = "master"
  name = "golang.org/x/mobile"
  packages = [
    "app",
    "app/internal/callfn",
    "event/key",
    "event/lifecycle",
    "event/mouse",
    "event/paint",
    "event/size",
    "event/touch",
    "geom",
    "gl",
    "internal/mobileinit"
  ]
  revision = "6621de06e1e9d52c38a8c542770bdbeac9ecfef6"

[[projects]]
  branch = "master"
  name = "golang.org/x/sys"
  packages = ["windows"]
  revision = "7138fd3d9dc8335c567ca206f4333fb75eb05d56"

[[projects]]
  branch = "master"
  name = "golang.org/x/tools"
  packages = ["go/ast/astutil"]
  revision = "1c99e1239a0c8b0e59c34000995c4e319b7702ca"

[solve-meta]
  analyzer-name = "dep"
  analyzer-version = 1
  inputs-digest = "ab2df95873288a96ba97104a92867de5c21c4af81708525f2d3f31fe570bca01"
  solver-name = "gps-cdcl"
  solver-version = 1
